
Microsoft Visual Studio Solution File, Format Version 12.00
# Visual Studio Version 17
VisualStudioVersion = 17.0.31903.59
MinimumVisualStudioVersion = 10.0.40219.1
Project("{FAE04EC0-301F-11D3-BF4B-00C04F79EFBC}") = "FindMax", "FindMax\FindMax.csproj", "{F8980F0F-C86E-43F9-9E56-7A99F6B6CEE9}"
EndProject
Global
	GlobalSection(SolutionConfigurationPlatforms) = preSolution
		Debug|Any CPU = Debug|Any CPU
		Release|Any CPU = Release|Any CPU
	EndGlobalSection
	GlobalSection(SolutionProperties) = preSolution
		HideSolutionNode = FALSE
	EndGlobalSection
	GlobalSection(ProjectConfigurationPlatforms) = postSolution
		{F8980F0F-C86E-43F9-9E56-7A99F6B6CEE9}.Debug|Any CPU.ActiveCfg = Debug|Any CPU
		{F8980F0F-C86E-43F9-9E56-7A99F6B6CEE9}.Debug|Any CPU.Build.0 = Debug|Any CPU
		{F8980F0F-C86E-43F9-9E56-7A99F6B6CEE9}.Release|Any CPU.ActiveCfg = Release|Any CPU
		{F8980F0F-C86E-43F9-9E56-7A99F6B6CEE9}.Release|Any CPU.Build.0 = Release|Any CPU
	EndGlobalSection
EndGlobal
